
Microsoft Visual Studio Solution File, Format Version 12.00
# Visual Studio Version 16
VisualStudioVersion = 16.0.31515.178
MinimumVisualStudioVersion = 10.0.40219.1
Project("{FAE04EC0-301F-11D3-BF4B-00C04F79EFBC}") = "ExcelLab", "ExcelLab\ExcelLab.csproj", "{2B7BD840-0721-44AC-976A-0519053370AB}"
EndProject
Global
	GlobalSection(SolutionConfigurationPlatforms) = preSolution
		Debug|Any CPU = Debug|Any CPU
		Release|Any CPU = Release|Any CPU
	EndGlobalSection
	GlobalSection(ProjectConfigurationPlatforms) = postSolution
		{2B7BD840-0721-44AC-976A-0519053370AB}.Debug|Any CPU.ActiveCfg = Debug|Any CPU
		{2B7BD840-0721-44AC-976A-0519053370AB}.Debug|Any CPU.Build.0 = Debug|Any CPU
		{2B7BD840-0721-44AC-976A-0519053370AB}.Release|Any CPU.ActiveCfg = Release|Any CPU
		{2B7BD840-0721-44AC-976A-0519053370AB}.Release|Any CPU.Build.0 = Release|Any CPU
	EndGlobalSection
	GlobalSection(SolutionProperties) = preSolution
		HideSolutionNode = FALSE
	EndGlobalSection
	GlobalSection(ExtensibilityGlobals) = postSolution
		SolutionGuid = {F75CED6A-F95B-4E01-8331-68979BD0D0B9}
	EndGlobalSection
EndGlobal
